
Microsoft Visual Studio Solution File, Format Version 12.00
# Visual Studio 11
Project("{00000000-0000-0000-0000-000000000000}") = "PhotoGallery", "PhotoGallery\PhotoGallery.csproj", "{BFDCEC77-D542-4954-A4A4-62562F446795}"
EndProject
Global
	GlobalSection(SolutionConfigurationPlatforms) = preSolution
		Debug|Any CPU = Debug|Any CPU
		Release|Any CPU = Release|Any CPU
	EndGlobalSection
	GlobalSection(ProjectConfigurationPlatforms) = postSolution
		{BFDCEC77-D542-4954-A4A4-62562F446795}.Debug|Any CPU.ActiveCfg = Debug|Any CPU
		{BFDCEC77-D542-4954-A4A4-62562F446795}.Debug|Any CPU.Build.0 = Debug|Any CPU
		{BFDCEC77-D542-4954-A4A4-62562F446795}.Release|Any CPU.ActiveCfg = Release|Any CPU
		{BFDCEC77-D542-4954-A4A4-62562F446795}.Release|Any CPU.Build.0 = Release|Any CPU
	EndGlobalSection
	GlobalSection(SolutionProperties) = preSolution
		HideSolutionNode = FALSE
	EndGlobalSection
EndGlobal
